
Microsoft Visual Studio Solution File, Format Version 12.00
Project("{FAE04EC0-301F-11D3-BF4B-00C04F79EFBC}") = "AuctionApp", "AuctionApp\AuctionApp.csproj", "{D8456D00-EF0C-4C1F-B362-7AA71AAA8F40}"
EndProject
Global
	GlobalSection(SolutionConfigurationPlatforms) = preSolution
		Debug|Any CPU = Debug|Any CPU
		Release|Any CPU = Release|Any CPU
	EndGlobalSection
	GlobalSection(ProjectConfigurationPlatforms) = postSolution
		{D8456D00-EF0C-4C1F-B362-7AA71AAA8F40}.Debug|Any CPU.ActiveCfg = Debug|Any CPU
		{D8456D00-EF0C-4C1F-B362-7AA71AAA8F40}.Debug|Any CPU.Build.0 = Debug|Any CPU
		{D8456D00-EF0C-4C1F-B362-7AA71AAA8F40}.Release|Any CPU.ActiveCfg = Release|Any CPU
		{D8456D00-EF0C-4C1F-B362-7AA71AAA8F40}.Release|Any CPU.Build.0 = Release|Any CPU
	EndGlobalSection
EndGlobal
